<?xml version="1.0" encoding="utf-8"?>
<Project ToolsVersion="4.0" xmlns="http://schemas.microsoft.com/developer/msbuild/2003">
  <ItemGroup>
    <Filter Include="Source Files">
      <UniqueIdentifier>{4FC737F1-C7A5-4376-A066-2A32D752A2FF}</UniqueIdentifier>
      <Extensions>cpp;c;cc;cxx;def;odl;idl;hpj;bat;asm;asmx</Extensions>
    </Filter>
    <Filter Include="Header Files">
      <UniqueIdentifier>{93995380-89BD-4b04-88EB-625FBE52EBFB}</UniqueIdentifier>
      <Extensions>h;hh;hpp;hxx;hm;inl;inc;ipp;xsd</Extensions>
    </Filter>
    <Filter Include="Resource Files">
      <UniqueIdentifier>{67DA6AB6-F800-4c08-8B7A-83BB121AAD01}</UniqueIdentifier>
      <Extensions>rc;ico;cur;bmp;dlg;rc2;rct;bin;rgs;gif;jpg;jpeg;jpe;resx;tiff;tif;png;wav;mfcribbon-ms</Extensions>
    </Filter>
  </ItemGroup>
  <ItemGroup>
    <ClInclude Include="Include\CompilerCore.h">
      <Filter>Header Files</Filter>
    </ClInclude>
    <ClInclude Include="Include\CErrorsModule.h">
      <Filter>Header Files</Filter>
    </ClInclude>
    <ClInclude Include="Include\CToken.h">
      <Filter>Header Files</Filter>
    </ClInclude>
    <ClInclude Include="Include\CLexAnalizer.h">
      <Filter>Header Files</Filter>
    </ClInclude>
    <ClInclude Include="resource.h">
      <Filter>Header Files</Filter>
    </ClInclude>
    <ClInclude Include="Include\CTabSym.h">
      <Filter>Header Files</Filter>
    </ClInclude>
    <ClInclude Include="Include\CGlobalNode.h">
      <Filter>Header Files</Filter>
    </ClInclude>
    <ClInclude Include="Include\CLocalNode.h">
      <Filter>Header Files</Filter>
    </ClInclude>
    <ClInclude Include="Include\CSynAnalizer.h">
      <Filter>Header Files</Filter>
    </ClInclude>
    <ClInclude Include="Include\CSynDimentionState.h">
      <Filter>Header Files</Filter>
    </ClInclude>
    <ClInclude Include="Include\CSynFuncState.h">
      <Filter>Header Files</Filter>
    </ClInclude>
    <ClInclude Include="Include\CSynFunction_BlockState.h">
      <Filter>Header Files</Filter>
    </ClInclude>
    <ClInclude Include="Include\CSynParamState.h">
      <Filter>Header Files</Filter>
    </ClInclude>
    <ClInclude Include="Include\CSynProgramState.h">
      <Filter>Header Files</Filter>
    </ClInclude>
    <ClInclude Include="Include\CSynVarState.h">
      <Filter>Header Files</Filter>
    </ClInclude>
    <ClInclude Include="Include\CSynIfState.h">
      <Filter>Header Files</Filter>
    </ClInclude>
    <ClInclude Include="Include\CSynWhileState.h">
      <Filter>Header Files</Filter>
    </ClInclude>
    <ClInclude Include="Include\CSynForState.h">
      <Filter>Header Files</Filter>
    </ClInclude>
    <ClInclude Include="Include\CSynSwitchState.h">
      <Filter>Header Files</Filter>
    </ClInclude>
    <ClInclude Include="Include\CSynStatement_BlockState.h">
      <Filter>Header Files</Filter>
    </ClInclude>
    <ClInclude Include="Include\CSynReadState.h">
      <Filter>Header Files</Filter>
    </ClInclude>
    <ClInclude Include="Include\CSynPrintState.h">
      <Filter>Header Files</Filter>
    </ClInclude>
    <ClInclude Include="Include\CSynAssignState.h">
      <Filter>Header Files</Filter>
    </ClInclude>
    <ClInclude Include="Include\CSynFunc_CallState.h">
      <Filter>Header Files</Filter>
    </ClInclude>
    <ClInclude Include="Include\CSynReturnState.h">
      <Filter>Header Files</Filter>
    </ClInclude>
    <ClInclude Include="Include\CSynExp_Log_ListState.h">
      <Filter>Header Files</Filter>
    </ClInclude>
    <ClInclude Include="Include\CSynExpLogState.h">
      <Filter>Header Files</Filter>
    </ClInclude>
    <ClInclude Include="Include\CSynMainState.h">
      <Filter>Header Files</Filter>
    </ClInclude>
    <ClInclude Include="Include\CSemAnalizer.h">
      <Filter>Header Files</Filter>
    </ClInclude>
    <ClInclude Include="Include\CExplog.h">
      <Filter>Header Files</Filter>
    </ClInclude>
    <ClInclude Include="Include\CExpLogTreeNode.h">
      <Filter>Header Files</Filter>
    </ClInclude>
  </ItemGroup>
  <ItemGroup>
    <ClCompile Include="AssemblyInfo.cpp">
      <Filter>Source Files</Filter>
    </ClCompile>
    <ClCompile Include="Source\CompilerCore.cpp">
      <Filter>Source Files</Filter>
    </ClCompile>
    <ClCompile Include="Source\CErrorsModule.cpp">
      <Filter>Source Files</Filter>
    </ClCompile>
    <ClCompile Include="Source\CToken.cpp">
      <Filter>Source Files</Filter>
    </ClCompile>
    <ClCompile Include="Source\CLexAnalizer.cpp">
      <Filter>Source Files</Filter>
    </ClCompile>
    <ClCompile Include="Source\CTabSym.cpp">
      <Filter>Source Files</Filter>
    </ClCompile>
    <ClCompile Include="Source\CGlobalNode.cpp">
      <Filter>Source Files</Filter>
    </ClCompile>
    <ClCompile Include="Source\CLocalNode.cpp">
      <Filter>Source Files</Filter>
    </ClCompile>
    <ClCompile Include="Source\CSynAnalizer.cpp">
      <Filter>Source Files</Filter>
    </ClCompile>
    <ClCompile Include="Source\CSynDimentionState.cpp">
      <Filter>Source Files</Filter>
    </ClCompile>
    <ClCompile Include="Source\CSynFuncState.cpp">
      <Filter>Source Files</Filter>
    </ClCompile>
    <ClCompile Include="Source\CSynFunction_BlockState.cpp">
      <Filter>Source Files</Filter>
    </ClCompile>
    <ClCompile Include="Source\CSynParamState.cpp">
      <Filter>Source Files</Filter>
    </ClCompile>
    <ClCompile Include="Source\CSynProgramState.cpp">
      <Filter>Source Files</Filter>
    </ClCompile>
    <ClCompile Include="Source\CSynVarState.cpp">
      <Filter>Source Files</Filter>
    </ClCompile>
    <ClCompile Include="Source\CSynIfState.cpp">
      <Filter>Source Files</Filter>
    </ClCompile>
    <ClCompile Include="Source\CSynWhileState.cpp">
      <Filter>Source Files</Filter>
    </ClCompile>
    <ClCompile Include="Source\CSynForState.cpp">
      <Filter>Source Files</Filter>
    </ClCompile>
    <ClCompile Include="Source\CSynSwitchState.cpp">
      <Filter>Source Files</Filter>
    </ClCompile>
    <ClCompile Include="Source\CSynStatement_BlockState.cpp">
      <Filter>Source Files</Filter>
    </ClCompile>
    <ClCompile Include="Source\CSynReadState.cpp">
      <Filter>Source Files</Filter>
    </ClCompile>
    <ClCompile Include="Source\CSynPrintState.cpp">
      <Filter>Source Files</Filter>
    </ClCompile>
    <ClCompile Include="Source\CSynAssignState.cpp">
      <Filter>Source Files</Filter>
    </ClCompile>
    <ClCompile Include="Source\CSynFunc_CallState.cpp">
      <Filter>Source Files</Filter>
    </ClCompile>
    <ClCompile Include="Source\CSynReturnState.cpp">
      <Filter>Source Files</Filter>
    </ClCompile>
    <ClCompile Include="Source\CSynExp_Log_ListState.cpp">
      <Filter>Source Files</Filter>
    </ClCompile>
    <ClCompile Include="Source\CSynExpLogState.cpp">
      <Filter>Source Files</Filter>
    </ClCompile>
    <ClCompile Include="Source\CSynMainState.cpp">
      <Filter>Source Files</Filter>
    </ClCompile>
    <ClCompile Include="Source\CSemAnalizer.cpp">
      <Filter>Source Files</Filter>
    </ClCompile>
    <ClCompile Include="Source\CExplog.cpp">
      <Filter>Source Files</Filter>
    </ClCompile>
    <ClCompile Include="Source\CExpLogTreeNode.cpp">
      <Filter>Source Files</Filter>
    </ClCompile>
  </ItemGroup>
  <ItemGroup>
    <ResourceCompile Include="app.rc">
      <Filter>Resource Files</Filter>
    </ResourceCompile>
  </ItemGroup>
  <ItemGroup>
    <Image Include="app.ico">
      <Filter>Resource Files</Filter>
    </Image>
  </ItemGroup>
</Project>